
Microsoft Visual Studio Solution File, Format Version 12.00
# Visual Studio Version 17
VisualStudioVersion = 17.0.32112.339
MinimumVisualStudioVersion = 10.0.40219.1
Project("{FAE04EC0-301F-11D3-BF4B-00C04F79EFBC}") = "TemperatureConverter", "TemperatureConverter.csproj", "{326C8CB6-6027-4552-9CB5-DB92CDF6C316}"
EndProject
Project("{FAE04EC0-301F-11D3-BF4B-00C04F79EFBC}") = "TemperatureConverter.UnitTests", "TemperatureConverter.UnitTests\TemperatureConverter.UnitTests.csproj", "{CA28DB08-10E2-40E9-A6CD-1C52A6D4EB5B}"
EndProject
Global
	GlobalSection(SolutionConfigurationPlatforms) = preSolution
		Debug|Any CPU = Debug|Any CPU
		Release|Any CPU = Release|Any CPU
	EndGlobalSection
	GlobalSection(ProjectConfigurationPlatforms) = postSolution
		{326C8CB6-6027-4552-9CB5-DB92CDF6C316}.Debug|Any CPU.ActiveCfg = Debug|Any CPU
		{326C8CB6-6027-4552-9CB5-DB92CDF6C316}.Debug|Any CPU.Build.0 = Debug|Any CPU
		{326C8CB6-6027-4552-9CB5-DB92CDF6C316}.Release|Any CPU.ActiveCfg = Release|Any CPU
		{326C8CB6-6027-4552-9CB5-DB92CDF6C316}.Release|Any CPU.Build.0 = Release|Any CPU
		{CA28DB08-10E2-40E9-A6CD-1C52A6D4EB5B}.Debug|Any CPU.ActiveCfg = Debug|Any CPU
		{CA28DB08-10E2-40E9-A6CD-1C52A6D4EB5B}.Debug|Any CPU.Build.0 = Debug|Any CPU
		{CA28DB08-10E2-40E9-A6CD-1C52A6D4EB5B}.Release|Any CPU.ActiveCfg = Release|Any CPU
		{CA28DB08-10E2-40E9-A6CD-1C52A6D4EB5B}.Release|Any CPU.Build.0 = Release|Any CPU
	EndGlobalSection
	GlobalSection(SolutionProperties) = preSolution
		HideSolutionNode = FALSE
	EndGlobalSection
	GlobalSection(ExtensibilityGlobals) = postSolution
		SolutionGuid = {071450DD-0354-45EA-8E97-1D1724DBF17D}
	EndGlobalSection
EndGlobal
